PODS:
  - MBProgressHUDSwiftLGF (1.0.5)
  - SnapKit (5.0.1)

DEPENDENCIES:
  - MBProgressHUDSwiftLGF (~> 1.0.5)
  - SnapKit (~> 5.0.1)

SPEC REPOS:
  https://github.com/CocoaPods/Specs.git:
    - SnapKit
  trunk:
    - MBProgressHUDSwiftLGF

SPEC CHECKSUMS:
  MBProgressHUDSwiftLGF: b8e2de7ebb90ab7e8426888b86c56ef9110f387c
  SnapKit: 97b92857e3df3a0c71833cce143274bf6ef8e5eb

PODFILE CHECKSUM: 3054b66e4e5234d7f991a5428aa1557d1fc44552

COCOAPODS: 1.8.3
